
Microsoft Visual Studio Solution File, Format Version 12.00
# Visual Studio Version 17
VisualStudioVersion = 17.8.34322.80
MinimumVisualStudioVersion = 10.0.40219.1
Project("{8BC9CEB8-8B4A-11D0-8D11-00A0C91BC942}") = "DSAPROJECT", "DSAPROJECT\DSAPROJECT.vcxproj", "{E3E96564-4E8C-4584-B75F-DCF120A6D5F6}"
EndProject
Global
	GlobalSection(SolutionConfigurationPlatforms) = preSolution
		Debug|x64 = Debug|x64
		Debug|x86 = Debug|x86
		Release|x64 = Release|x64
		Release|x86 = Release|x86
	EndGlobalSection
	GlobalSection(ProjectConfigurationPlatforms) = postSolution
		{E3E96564-4E8C-4584-B75F-DCF120A6D5F6}.Debug|x64.ActiveCfg = Debug|x64
		{E3E96564-4E8C-4584-B75F-DCF120A6D5F6}.Debug|x64.Build.0 = Debug|x64
		{E3E96564-4E8C-4584-B75F-DCF120A6D5F6}.Debug|x86.ActiveCfg = Debug|Win32
		{E3E96564-4E8C-4584-B75F-DCF120A6D5F6}.Debug|x86.Build.0 = Debug|Win32
		{E3E96564-4E8C-4584-B75F-DCF120A6D5F6}.Release|x64.ActiveCfg = Release|x64
		{E3E96564-4E8C-4584-B75F-DCF120A6D5F6}.Release|x64.Build.0 = Release|x64
		{E3E96564-4E8C-4584-B75F-DCF120A6D5F6}.Release|x86.ActiveCfg = Release|Win32
		{E3E96564-4E8C-4584-B75F-DCF120A6D5F6}.Release|x86.Build.0 = Release|Win32
	EndGlobalSection
	GlobalSection(SolutionProperties) = preSolution
		HideSolutionNode = FALSE
	EndGlobalSection
	GlobalSection(ExtensibilityGlobals) = postSolution
		SolutionGuid = {E6AF79DE-8C09-4673-94A8-5F6E3EE25810}
	EndGlobalSection
EndGlobal
